// !$*UTF8*$!
{
	archiveVersion = 1;
	classes = {
	};
	objectVersion = 48;
	objects = {

/* Begin PBXBuildFile section */
		F9C4CFE2205C7F7B009DB578 /* AppDelegate.swift in Sources */ = {isa = PBXBuildFile; fileRef = F9C4CFE1205C7F7B009DB578 /* AppDelegate.swift */; };
		F9C4CFE4205C7F7B009DB578 /* ViewController.swift in Sources */ = {isa = PBXBuildFile; fileRef = F9C4CFE3205C7F7B009DB578 /* ViewController.swift */; };
		F9C4CFE7205C7F7B009DB578 /* Main.storyboard in Resources */ = {isa = PBXBuildFile; fileRef = F9C4CFE5205C7F7B009DB578 /* Main.storyboard */; };
		F9C4CFE9205C7F7B009DB578 /* Assets.xcassets in Resources */ = {isa = PBXBuildFile; fileRef = F9C4CFE8205C7F7B009DB578 /* Assets.xcassets */; };
		F9C4CFEC205C7F7B009DB578 /* LaunchScreen.storyboard in Resources */ = {isa = PBXBuildFile; fileRef = F9C4CFEA205C7F7B009DB578 /* LaunchScreen.storyboard */; };
/* End PBXBuildFile section */

/* Begin PBXFileReference section */
		F9C4CFDE205C7F7B009DB578 /* car.app */ = {isa = PBXFileReference; explicitFileType = wrapper.application; includeInIndex = 0; path = car.app; sourceTree = BUILT_PRODUCTS_DIR; };
		F9C4CFE1205C7F7B009DB578 /* AppDelegate.swift */ = {isa = PBXFileReference; lastKnownFileType = sourcecode.swift; path = AppDelegate.swift; sourceTree = "<group>"; };
		F9C4CFE3205C7F7B009DB578 /* ViewController.swift */ = {isa = PBXFileReference; lastKnownFileType = sourcecode.swift; path = ViewController.swift; sourceTree = "<group>"; };
		F9C4CFE6205C7F7B009DB578 /* Base */ = {isa = PBXFileReference; lastKnownFileType = file.storyboard; name = Base; path = Base.lproj/Main.storyboard; sourceTree = "<group>"; };
		F9C4CFE8205C7F7B009DB578 /* Assets.xcassets */ = {isa = PBXFileReference; lastKnownFileType = folder.assetcatalog; path = Assets.xcassets; sourceTree = "<group>"; };
		F9C4CFEB205C7F7B009DB578 /* Base */ = {isa = PBXFileReference; lastKnownFileType = file.storyboard; name = Base; path = Base.lproj/LaunchScreen.storyboard; sourceTree = "<group>"; };
		F9C4CFED205C7F7B009DB578 /* Info.plist */ = {isa = PBXFileReference; lastKnownFileType = text.plist.xml; path = Info.plist; sourceTree = "<group>"; };
/* End PBXFileReference section */

/* Begin PBXFrameworksBuildPhase section */
		F9C4CFDB205C7F7B009DB578 /* Frameworks */ = {
			isa = PBXFrameworksBuildPhase;
			buildActionMask = 2147483647;
			files = (
			);
			runOnlyForDeploymentPostprocessing = 0;
		};
/* End PBXFrameworksBuildPhase section */

/* Begin PBXGroup section */
		F9C4CFD5205C7F7B009DB578 = {
			isa = PBXGroup;
			children = (
				F9C4CFE0205C7F7B009DB578 /* car */,
				F9C4CFDF205C7F7B009DB578 /* Products */,
			);
			sourceTree = "<group>";
		};
		F9C4CFDF205C7F7B009DB578 /* Products */ = {
			isa = PBXGroup;
			children = (
				F9C4CFDE205C7F7B009DB578 /* car.app */,
			);
			name = Products;
			sourceTree = "<group>";
		};
		F9C4CFE0205C7F7B009DB578 /* car */ = {
			isa = PBXGroup;
			children = (
				F9C4CFE1205C7F7B009DB578 /* AppDelegate.swift */,
				F9C4CFE3205C7F7B009DB578 /* ViewController.swift */,
				F9C4CFE5205C7F7B009DB578 /* Main.storyboard */,
				F9C4CFE8205C7F7B009DB578 /* Assets.xcassets */,
				F9C4CFEA205C7F7B009DB578 /* LaunchScreen.storyboard */,
				F9C4CFED205C7F7B009DB578 /* Info.plist */,
			);
			path = car;
			sourceTree = "<group>";
		};
/* End PBXGroup section */

/* Begin PBXNativeTarget section */
		F9C4CFDD205C7F7B009DB578 /* car */ = {
			isa = PBXNativeTarget;
			buildConfigurationList = F9C4CFF0205C7F7B009DB578 /* Build configuration list for PBXNativeTarget "car" */;
			buildPhases = (
				F9C4CFDA205C7F7B009DB578 /* Sources */,
				F9C4CFDB205C7F7B009DB578 /* Frameworks */,
				F9C4CFDC205C7F7B009DB578 /* Resources */,
			);
			buildRules = (
			);
			dependencies = (
			);
			name = car;
			productName = car;
			productReference = F9C4CFDE205C7F7B009DB578 /* car.app */;
			productType = "com.apple.product-type.application";
		};
/* End PBXNativeTarget section */

/* Begin PBXProject section */
		F9C4CFD6205C7F7B009DB578 /* Project object */ = {
			isa = PBXProject;
			attributes = {
				LastSwiftUpdateCheck = 0920;
				LastUpgradeCheck = 0920;
				ORGANIZATIONNAME = syara;
				TargetAttributes = {
					F9C4CFDD205C7F7B009DB578 = {
						CreatedOnToolsVersion = 9.2;
						ProvisioningStyle = Automatic;
					};
				};
			};
			buildConfigurationList = F9C4CFD9205C7F7B009DB578 /* Build configuration list for PBXProject "car" */;
			compatibilityVersion = "Xcode 8.0";
			developmentRegion = en;
			hasScannedForEncodings = 0;
			knownRegions = (
				en,
				Base,
			);
			mainGroup = F9C4CFD5205C7F7B009DB578;
			productRefGroup = F9C4CFDF205C7F7B009DB578 /* Products */;
			projectDirPath = "";
			projectRoot = "";
			targets = (
				F9C4CFDD205C7F7B009DB578 /* car */,
			);
		};
/* End PBXProject section */

/* Begin PBXResourcesBuildPhase section */
		F9C4CFDC205C7F7B009DB578 /* Resources */ = {
			isa = PBXResourcesBuildPhase;
			buildActionMask = 2147483647;
			files = (
				F9C4CFEC205C7F7B009DB578 /* LaunchScreen.storyboard in Resources */,
				F9C4CFE9205C7F7B009DB578 /* Assets.xcassets in Resources */,
				F9C4CFE7205C7F7B009DB578 /* Main.storyboard in Resources */,
			);
			runOnlyForDeploymentPostprocessing = 0;
		};
/* End PBXResourcesBuildPhase section */

/* Begin PBXSourcesBuildPhase section */
		F9C4CFDA205C7F7B009DB578 /* Sources */ = {
			isa = PBXSourcesBuildPhase;
			buildActionMask = 2147483647;
			files = (
				F9C4CFE4205C7F7B009DB578 /* ViewController.swift in Sources */,
				F9C4CFE2205C7F7B009DB578 /* AppDelegate.swift in Sources */,
			);
			runOnlyForDeploymentPostprocessing = 0;
		};
/* End PBXSourcesBuildPhase section */

/* Begin PBXVariantGroup section */
		F9C4CFE5205C7F7B009DB578 /* Main.storyboard */ = {
			isa = PBXVariantGroup;
			children = (
				F9C4CFE6205C7F7B009DB578 /* Base */,
			);
			name = Main.storyboard;
			sourceTree = "<group>";
		};
		F9C4CFEA205C7F7B009DB578 /* LaunchScreen.storyboard */ = {
			isa = PBXVariantGroup;
			children = (
				F9C4CFEB205C7F7B009DB578 /* Base */,
			);
			name = LaunchScreen.storyboard;
			sourceTree = "<group>";
		};
/* End PBXVariantGroup section */

/* Begin XCBuildConfiguration section */
		F9C4CFEE205C7F7B009DB578 /* Debug */ = {
			isa = XCBuildConfiguration;
			buildSettings = {
				ALWAYS_SEARCH_USER_PATHS = NO;
				CLANG_ANALYZER_NONNULL = YES;
				CLANG_ANALYZER_NUMBER_OBJECT_CONVERSION = YES_AGGRESSIVE;
				CLANG_CXX_LANGUAGE_STANDARD = "gnu++14";
				CLANG_CXX_LIBRARY = "libc++";
				CLANG_ENABLE_MODULES = YES;
				CLANG_ENABLE_OBJC_ARC = YES;
				CLANG_WARN_BLOCK_CAPTURE_AUTORELEASING = YES;
				CLANG_WARN_BOOL_CONVERSION = YES;
				CLANG_WARN_COMMA = YES;
				CLANG_WARN_CONSTANT_CONVERSION = YES;
				CLANG_WARN_DIRECT_OBJC_ISA_USAGE = YES_ERROR;
				CLANG_WARN_DOCUMENTATION_COMMENTS = YES;
				CLANG_WARN_EMPTY_BODY = YES;
				CLANG_WARN_ENUM_CONVERSION = YES;
				CLANG_WARN_INFINITE_RECURSION = YES;
				CLANG_WARN_INT_CONVERSION = YES;
				CLANG_WARN_NON_LITERAL_NULL_CONVERSION = YES;
				CLANG_WARN_OBJC_LITERAL_CONVERSION = YES;
				CLANG_WARN_OBJC_ROOT_CLASS = YES_ERROR;
				CLANG_WARN_RANGE_LOOP_ANALYSIS = YES;
				CLANG_WARN_STRICT_PROTOTYPES = YES;
				CLANG_WARN_SUSPICIOUS_MOVE = YES;
				CLANG_WARN_UNGUARDED_AVAILABILITY = YES_AGGRESSIVE;
				CLANG_WARN_UNREACHABLE_CODE = YES;
				CLANG_WARN__DUPLICATE_METHOD_MATCH = YES;
				CODE_SIGN_IDENTITY = "iPhone Developer";
				COPY_PHASE_STRIP = NO;
				DEBUG_INFORMATION_FORMAT = dwarf;
				ENABLE_STRICT_OBJC_MSGSEND = YES;
				ENABLE_TESTABILITY = YES;
				GCC_C_LANGUAGE_STANDARD = gnu11;
				GCC_DYNAMIC_NO_PIC = NO;
				GCC_NO_COMMON_BLOCKS = YES;
				GCC_OPTIMIZATION_LEVEL = 0;
				GCC_PREPROCESSOR_DEFINITIONS = (
					"DEBUG=1",
					"$(inherited)",
				);
				GCC_WARN_64_TO_32_BIT_CONVERSION = YES;
				GCC_WARN_ABOUT_RETURN_TYPE = YES_ERROR;
				GCC_WARN_UNDECLARED_SELECTOR = YES;
				GCC_WARN_UNINITIALIZED_AUTOS = YES_AGGRESSIVE;
				GCC_WARN_UNUSED_FUNCTION = YES;
				GCC_WARN_UNUSED_VARIABLE = YES;
				IPHONEOS_DEPLOYMENT_TARGET = 11.2;
				MTL_ENABLE_DEBUG_INFO = YES;
				ONLY_ACTIVE_ARCH = YES;
				SDKROOT = iphoneos;
				SWIFT_ACTIVE_COMPILATION_CONDITIONS = DEBUG;
				SWIFT_OPTIMIZATION_LEVEL = "-Onone";
			};
			name = Debug;
		};
		F9C4CFEF205C7F7B009DB578 /* Release */ = {
			isa = XCBuildConfiguration;
			buildSettings = {
				ALWAYS_SEARCH_USER_PATHS = NO;
				CLANG_ANALYZER_NONNULL = YES;
				CLANG_ANALYZER_NUMBER_OBJECT_CONVERSION = YES_AGGRESSIVE;
				CLANG_CXX_LANGUAGE_STANDARD = "gnu++14";
				CLANG_CXX_LIBRARY = "libc++";
				CLANG_ENABLE_MODULES = YES;
				CLANG_ENABLE_OBJC_ARC = YES;
				CLANG_WARN_BLOCK_CAPTURE_AUTORELEASING = YES;
				CLANG_WARN_BOOL_CONVERSION = YES;
				CLANG_WARN_COMMA = YES;
				CLANG_WARN_CONSTANT_CONVERSION = YES;
				CLANG_WARN_DIRECT_OBJC_ISA_USAGE = YES_ERROR;
				CLANG_WARN_DOCUMENTATION_COMMENTS = YES;
				CLANG_WARN_EMPTY_BODY = YES;
				CLANG_WARN_ENUM_CONVERSION = YES;
				CLANG_WARN_INFINITE_RECURSION = YES;
				CLANG_WARN_INT_CONVERSION = YES;
				CLANG_WARN_NON_LITERAL_NULL_CONVERSION = YES;
				CLANG_WARN_OBJC_LITERAL_CONVERSION = YES;
				CLANG_WARN_OBJC_ROOT_CLASS = YES_ERROR;
				CLANG_WARN_RANGE_LOOP_ANALYSIS = YES;
				CLANG_WARN_STRICT_PROTOTYPES = YES;
				CLANG_WARN_SUSPICIOUS_MOVE = YES;
				CLANG_WARN_UNGUARDED_AVAILABILITY = YES_AGGRESSIVE;
				CLANG_WARN_UNREACHABLE_CODE = YES;
				CLANG_WARN__DUPLICATE_METHOD_MATCH = YES;
				CODE_SIGN_IDENTITY = "iPhone Developer";
				COPY_PHASE_STRIP = NO;
				DEBUG_INFORMATION_FORMAT = "dwarf-with-dsym";
				ENABLE_NS_ASSERTIONS = NO;
				ENABLE_STRICT_OBJC_MSGSEND = YES;
				GCC_C_LANGUAGE_STANDARD = gnu11;
				GCC_NO_COMMON_BLOCKS = YES;
				GCC_WARN_64_TO_32_BIT_CONVERSION = YES;
				GCC_WARN_ABOUT_RETURN_TYPE = YES_ERROR;
				GCC_WARN_UNDECLARED_SELECTOR = YES;
				GCC_WARN_UNINITIALIZED_AUTOS = YES_AGGRESSIVE;
				GCC_WARN_UNUSED_FUNCTION = YES;
				GCC_WARN_UNUSED_VARIABLE = YES;
				IPHONEOS_DEPLOYMENT_TARGET = 11.2;
				MTL_ENABLE_DEBUG_INFO = NO;
				SDKROOT = iphoneos;
				SWIFT_OPTIMIZATION_LEVEL = "-Owholemodule";
				VALIDATE_PRODUCT = YES;
			};
			name = Release;
		};
		F9C4CFF1205C7F7B009DB578 /* Debug */ = {
			isa = XCBuildConfiguration;
			buildSettings = {
				ASSETCATALOG_COMPILER_APPICON_NAME = AppIcon;
				CODE_SIGN_STYLE = Automatic;
				DEVELOPMENT_TEAM = NH8CMRW3PP;
				INFOPLIST_FILE = car/Info.plist;
				LD_RUNPATH_SEARCH_PATHS = "$(inherited) @executable_path/Frameworks";
				PRODUCT_BUNDLE_IDENTIFIER = syara.car;
				PRODUCT_NAME = "$(TARGET_NAME)";
				SWIFT_VERSION = 4.0;
				TARGETED_DEVICE_FAMILY = "1,2";
			};
			name = Debug;
		};
		F9C4CFF2205C7F7B009DB578 /* Release */ = {
			isa = XCBuildConfiguration;
			buildSettings = {
				ASSETCATALOG_COMPILER_APPICON_NAME = AppIcon;
				CODE_SIGN_STYLE = Automatic;
				DEVELOPMENT_TEAM = NH8CMRW3PP;
				INFOPLIST_FILE = car/Info.plist;
				LD_RUNPATH_SEARCH_PATHS = "$(inherited) @executable_path/Frameworks";
				PRODUCT_BUNDLE_IDENTIFIER = syara.car;
				PRODUCT_NAME = "$(TARGET_NAME)";
				SWIFT_VERSION = 4.0;
				TARGETED_DEVICE_FAMILY = "1,2";
			};
			name = Release;
		};
/* End XCBuildConfiguration section */

/* Begin XCConfigurationList section */
		F9C4CFD9205C7F7B009DB578 /* Build configuration list for PBXProject "car" */ = {
			isa = XCConfigurationList;
			buildConfigurations = (
				F9C4CFEE205C7F7B009DB578 /* Debug */,
				F9C4CFEF205C7F7B009DB578 /* Release */,
			);
			defaultConfigurationIsVisible = 0;
			defaultConfigurationName = Release;
		};
		F9C4CFF0205C7F7B009DB578 /* Build configuration list for PBXNativeTarget "car" */ = {
			isa = XCConfigurationList;
			buildConfigurations = (
				F9C4CFF1205C7F7B009DB578 /* Debug */,
				F9C4CFF2205C7F7B009DB578 /* Release */,
			);
			defaultConfigurationIsVisible = 0;
			defaultConfigurationName = Release;
		};
/* End XCConfigurationList section */
	};
	rootObject = F9C4CFD6205C7F7B009DB578 /* Project object */;
}
